
Microsoft Visual Studio Solution File, Format Version 12.00
# Visual Studio Version 17
VisualStudioVersion = 17.13.35825.156 d17.13
MinimumVisualStudioVersion = 10.0.40219.1
Project("{FAE04EC0-301F-11D3-BF4B-00C04F79EFBC}") = "StudentManagement", "StudentManagement\StudentManagement.csproj", "{8758F3E9-E31A-4AB3-B173-BC06ADA7AE9A}"
EndProject
Global
	GlobalSection(SolutionConfigurationPlatforms) = preSolution
		Debug|Any CPU = Debug|Any CPU
		Release|Any CPU = Release|Any CPU
	EndGlobalSection
	GlobalSection(ProjectConfigurationPlatforms) = postSolution
		{8758F3E9-E31A-4AB3-B173-BC06ADA7AE9A}.Debug|Any CPU.ActiveCfg = Debug|Any CPU
		{8758F3E9-E31A-4AB3-B173-BC06ADA7AE9A}.Debug|Any CPU.Build.0 = Debug|Any CPU
		{8758F3E9-E31A-4AB3-B173-BC06ADA7AE9A}.Release|Any CPU.ActiveCfg = Release|Any CPU
		{8758F3E9-E31A-4AB3-B173-BC06ADA7AE9A}.Release|Any CPU.Build.0 = Release|Any CPU
	EndGlobalSection
	GlobalSection(SolutionProperties) = preSolution
		HideSolutionNode = FALSE
	EndGlobalSection
	GlobalSection(ExtensibilityGlobals) = postSolution
		SolutionGuid = {08BC2A4D-1C44-4455-831B-4F2F22EFA9F8}
	EndGlobalSection
EndGlobal
